
Microsoft Visual Studio Solution File, Format Version 12.00
# Visual Studio Version 16
VisualStudioVersion = 16.0.31025.194
MinimumVisualStudioVersion = 10.0.40219.1
Project("{FAE04EC0-301F-11D3-BF4B-00C04F79EFBC}") = "eggCal", "eggCal.csproj", "{FC25B139-4788-42B2-9FA0-7B86C22340B5}"
EndProject
Global
	GlobalSection(SolutionConfigurationPlatforms) = preSolution
		Debug|Any CPU = Debug|Any CPU
		Release|Any CPU = Release|Any CPU
	EndGlobalSection
	GlobalSection(ProjectConfigurationPlatforms) = postSolution
		{FC25B139-4788-42B2-9FA0-7B86C22340B5}.Debug|Any CPU.ActiveCfg = Debug|Any CPU
		{FC25B139-4788-42B2-9FA0-7B86C22340B5}.Debug|Any CPU.Build.0 = Debug|Any CPU
		{FC25B139-4788-42B2-9FA0-7B86C22340B5}.Release|Any CPU.ActiveCfg = Release|Any CPU
		{FC25B139-4788-42B2-9FA0-7B86C22340B5}.Release|Any CPU.Build.0 = Release|Any CPU
	EndGlobalSection
	GlobalSection(SolutionProperties) = preSolution
		HideSolutionNode = FALSE
	EndGlobalSection
	GlobalSection(ExtensibilityGlobals) = postSolution
		SolutionGuid = {D96D241F-FA91-4B80-BE0F-0ABCAD9596C3}
	EndGlobalSection
EndGlobal
